
Microsoft Visual Studio Solution File, Format Version 12.00
# Visual Studio Version 17
VisualStudioVersion = 17.7.34031.279
MinimumVisualStudioVersion = 10.0.40219.1
Project("{FAE04EC0-301F-11D3-BF4B-00C04F79EFBC}") = "VersionController", "VersionController.csproj", "{27F1B3A0-D90F-4F35-9BD2-41AA6DB7FEAC}"
EndProject
Project("{FAE04EC0-301F-11D3-BF4B-00C04F79EFBC}") = "Resources", "Resources\Resources.csproj", "{F87BC0FD-D523-4AC6-9AFB-02839558712A}"
EndProject
Global
	GlobalSection(SolutionConfigurationPlatforms) = preSolution
		Debug|Any CPU = Debug|Any CPU
		Release|Any CPU = Release|Any CPU
	EndGlobalSection
	GlobalSection(ProjectConfigurationPlatforms) = postSolution
		{27F1B3A0-D90F-4F35-9BD2-41AA6DB7FEAC}.Debug|Any CPU.ActiveCfg = Debug|Any CPU
		{27F1B3A0-D90F-4F35-9BD2-41AA6DB7FEAC}.Debug|Any CPU.Build.0 = Debug|Any CPU
		{27F1B3A0-D90F-4F35-9BD2-41AA6DB7FEAC}.Release|Any CPU.ActiveCfg = Release|Any CPU
		{27F1B3A0-D90F-4F35-9BD2-41AA6DB7FEAC}.Release|Any CPU.Build.0 = Release|Any CPU
		{F87BC0FD-D523-4AC6-9AFB-02839558712A}.Debug|Any CPU.ActiveCfg = Debug|Any CPU
		{F87BC0FD-D523-4AC6-9AFB-02839558712A}.Debug|Any CPU.Build.0 = Debug|Any CPU
		{F87BC0FD-D523-4AC6-9AFB-02839558712A}.Release|Any CPU.ActiveCfg = Release|Any CPU
		{F87BC0FD-D523-4AC6-9AFB-02839558712A}.Release|Any CPU.Build.0 = Release|Any CPU
	EndGlobalSection
	GlobalSection(SolutionProperties) = preSolution
		HideSolutionNode = FALSE
	EndGlobalSection
	GlobalSection(ExtensibilityGlobals) = postSolution
		SolutionGuid = {0E922BD8-51C6-4A1D-831F-C05B1EBE5FC9}
	EndGlobalSection
EndGlobal
